github.com/GitbookIO/mimedb v0.0.0-20180329142916-39fdfdb4def4 h1:WM2ftu7PazeqAxMiT0j0XmYiWW1xX99v5/PbW2UKAzE=
github.com/GitbookIO/mimedb v0.0.0-20180329142916-39fdfdb4def4/go.mod h1:0JA2lIXs/dl3RUgHP5ivwjl3f0g+X2BQz3zWnq8IJa4=
github.com/davecgh/go-spew v1.1.0 h1:ZDRjVQ15GmhC3fiQ8ni8+OwkZQO4DARzQgrnXU1Liz8=
github.com/davecgh/go-spew v1.1.0/go.mod h1:J7Y8YcW2NihsgmVo/mv3lAwl/skON4iLHjSsI+c5H38=
github.com/dimfeld/httptreemux v5.0.1+incompatible/go.mod h1:rbUlSV+CCpv/SuqUTP/8Bk2O3LyUV436/yaRGkhP6Z0=
github.com/globalsign/mgo v0.0.0-20181015135952-eeefdecb41b8 h1:DujepqpGd1hyOd7aW59XpK7Qymp8iy83xq74fLr21is=
github.com/globalsign/mgo v0.0.0-20181015135952-eeefdecb41b8/go.mod h1:xkRDCp4j0OGD1HRkm4kmhM+pmpv3AKq5SU7GMg4oO/Q=
github.com/go-http-utils/cookie v1.3.1 h1:GCdTeqVV5vDcjP7LrgYpH8pbt3dOYKS+Wrs7Jo3/k/w=
github.com/go-http-utils/cookie v1.3.1/go.mod h1:ATl4rfG3bEemjiVa+8WIfgNcBUWdYBTasfXKjJ3Avt8=
github.com/go-http-utils/negotiator v1.0.0 h1:Qp1zofD6Nw7KXApXa3pAjehP06Js0ILguEBCnHhZeVA=
github.com/go-http-utils/negotiator v1.0.0/go.mod h1:mTQe1sH0XhdFkeDiWpCY3QSk7Apo5jwOlIwLWJbJe2c=
github.com/julienschmidt/httprouter v1.3.0/go.mod h1:JR6WtHb+2LUe8TCKY3cZOxFyyO8IZAc4RVcycCCAKdM=
github.com/pmezard/go-difflib v1.0.0 h1:4DBwDE0NGyQoBHbLQYPwSUPoCMWR5BEzIk/f1lZbAQM=
github.com/pmezard/go-difflib v1.0.0/go.mod h1:iKH77koFhYxTK1pcRnkKkqfTogsbg7gZNVY4sRDYZ/4=
github.com/stretchr/objx v0.1.0/go.mod h1:HFkY916IF+rwdDfMAkV7OtwuqBVzrE8GR6GFx+wExME=
github.com/stretchr/testify v1.7.0 h1:nwc3DEeHmmLAfoZucVR881uASk0Mfjw8xYJ99tb5CcY=
github.com/stretchr/testify v1.7.0/go.mod h1:6Fq8oRcR53rry900zMqJjRRixrwX3KX962/h/Wwjteg=
github.com/teambition/compressible-go v1.0.1 h1:9lLUAWKkLcuLGVLjVW0VzXacjH89px93PbkwmIw0lGU=
github.com/teambition/compressible-go v1.0.1/go.mod h1:K91wjCUqzpuY2ZpSi039mt4WzzjMGxPFMZHHTEoTvak=
github.com/teambition/trie-mux v1.5.2 h1:ALTagFwKZXkn1vfSRlODlmoZg+NMeWAm4dyBPQI6a8w=
github.com/teambition/trie-mux v1.5.2/go.mod h1:0Woh4KOHSN9bkJ66eWmLs8ltrEKw+fnZbFaHFfbMrtc=
golang.org/x/net v0.0.0-20210908191846-a5e095526f91 h1:E8wdt+zBjoxD3MA65wEc3pl25BsTi7tbkpwc4ANThjc=
golang.org/x/net v0.0.0-20210908191846-a5e095526f91/go.mod h1:9nx3DQGgdP8bBQD5qxJ1jj9UTztislL4KSBs9R2vV5Y=
golang.org/x/sys v0.0.0-20201119102817-f84b799fce68/go.mod h1:h1NjWce9XRLGQEsW7wpKNCjG9DtNlClVuFLEZdDNbEs=
golang.org/x/sys v0.0.0-20210423082822-04245dca01da/go.mod h1:h1NjWce9XRLGQEsW7wpKNCjG9DtNlClVuFLEZdDNbEs=
golang.org/x/term v0.0.0-20201126162022-7de9c90e9dd1/go.mod h1:bj7SfCRtBDWHUb9snDiAeCFNEtKQo2Wmx5Cou7ajbmo=
golang.org/x/text v0.3.6 h1:aRYxNxv6iGQlyVaZmk6ZgYEDa+Jg18DxebPSrd6bg1M=
golang.org/x/text v0.3.6/go.mod h1:5Zoc/QRtKVWzQhOtBMvqHzDpF6irO9z98xDceosuGiQ=
golang.org/x/tools v0.0.0-20180917221912-90fa682c2a6e/go.mod h1:n7NCudcB/nEzxVGmLbDWY5pfWTLqBcC2KZ6jyYvM4mQ=
gopkg.in/check.v1 v0.0.0-20161208181325-20d25e280405 h1:yhCVgyC4o1eVCa2tZl7eS0r+SDo693bJlVdllGtEeKM=
gopkg.in/check.v1 v0.0.0-20161208181325-20d25e280405/go.mod h1:Co6ibVJAznAaIkqp8huTwlJQCZ016jof/cbN4VW5Yz0=
gopkg.in/yaml.v2 v2.4.0/go.mod h1:RDklbk79AGWmwhnvt/jBztapEOGDOx6ZbXqjP6csGnQ=
gopkg.in/yaml.v3 v3.0.0-20200313102051-9f266ea9e77c h1:dUUwHk2QECo/6vqA44rthZ8ie2QXMNeKRTHCNY2nXvo=
gopkg.in/yaml.v3 v3.0.0-20200313102051-9f266ea9e77c/go.mod h1:K4uyk7z7BCEPqu6E+C64Yfv1cQ7kz7rIZviUmN+EgEM=
